{
  "name": "@justa/mask-directive",
  "version": "1.2.6",
  "lockfileVersion": 1,
  "requires": true,
  "dependencies": {
    "inputmask": {
      "version": "5.0.8",
      "resolved": "https://registry.npmjs.org/inputmask/-/inputmask-5.0.8.tgz",
      "integrity": "sha512-1WcbyudPTXP1B28ozWWyFa6QRIUG4KiLoyR6LFHlpT4OfTzRqFfWgHFadNvRuMN1S9XNVz9CdNvCGjJi+uAMqQ==",
      "dev": true
    }
  }
}
