{
  "name": "@justa/mask-directive",
  "version": "1.1.2",
  "lockfileVersion": 1,
  "requires": true,
  "dependencies": {
    "@brazilian-utils/format-cnpj": {
      "version": "0.1.9",
      "resolved": "https://registry.npmjs.org/@brazilian-utils/format-cnpj/-/format-cnpj-0.1.9.tgz",
      "integrity": "sha512-ZgSrZjhzCebbKHcw0qAwdKqmbAtR4sXxuE2eafb7MOgXOrcKGB21dYMTn+t1dje7ssURfJHSDpytayscXjyPag==",
      "dev": true,
      "requires": {
        "@brazilian-utils/helper-is-last-char": "^0.1.7",
        "@brazilian-utils/helper-only-numbers": "^0.1.5"
      }
    },
    "@brazilian-utils/format-cpf": {
      "version": "0.1.8",
      "resolved": "https://registry.npmjs.org/@brazilian-utils/format-cpf/-/format-cpf-0.1.8.tgz",
      "integrity": "sha512-y+Jhtksc2yVKmVlW70DMuTOuTHQvKXiblcae6Gcn6LoT4yp/+P+I961dYhlXJZtjMGPV/PqisHYb14HXASegzA==",
      "dev": true,
      "requires": {
        "@brazilian-utils/helper-is-last-char": "^0.1.7",
        "@brazilian-utils/helper-only-numbers": "^0.1.5"
      }
    },
    "@brazilian-utils/formatters": {
      "version": "0.1.10",
      "resolved": "https://registry.npmjs.org/@brazilian-utils/formatters/-/formatters-0.1.10.tgz",
      "integrity": "sha512-7nll+Rq91Pr/v1GakZtlKmrwsGOdxHfdEIu2mf7idPBPTD/VCrX6wXbMbIqqqeXWU/3o+hP3mgBEyNmke9MLbw==",
      "dev": true,
      "requires": {
        "@brazilian-utils/format-cnpj": "^0.1.9",
        "@brazilian-utils/format-cpf": "^0.1.8"
      }
    },
    "@brazilian-utils/helper-is-last-char": {
      "version": "0.1.7",
      "resolved": "https://registry.npmjs.org/@brazilian-utils/helper-is-last-char/-/helper-is-last-char-0.1.7.tgz",
      "integrity": "sha512-40bVIHBII6BqPhkHZYa6AP3sLxiX8/SAvfBWgeIeEF0gaLBe+/L2MoOlWVlJarnKKxikHqDeUafbfaG/Bjl/NQ==",
      "dev": true
    },
    "@brazilian-utils/helper-only-numbers": {
      "version": "0.1.5",
      "resolved": "https://registry.npmjs.org/@brazilian-utils/helper-only-numbers/-/helper-only-numbers-0.1.5.tgz",
      "integrity": "sha512-nsfHGdDr97n8ech2UwMHgUjw9xGxbc5gyGgmSrvqisOzuBAjRx5LfcL7ZNjEiPe4hldwp6AgaMI6WXKCQ3fOfg==",
      "dev": true
    },
    "inputmask": {
      "version": "4.0.6",
      "resolved": "https://registry.npmjs.org/inputmask/-/inputmask-4.0.6.tgz",
      "integrity": "sha512-zHw2jO1RSTU/aoKjsVsBQF56m3SYA3IEsIZmb6anvoUBlPRMgXtKWtj/Pux7o/O8JNikGLLRN6LGBISzHRlabw==",
      "dev": true
    }
  }
}
