{
  "name": "@justa/mask-directive",
  "version": "1.2.6",
  "lockfileVersion": 1,
  "requires": true,
  "dependencies": {
    "inputmask": {
      "version": "4.0.6",
      "resolved": "https://registry.npmjs.org/inputmask/-/inputmask-4.0.6.tgz",
      "integrity": "sha512-zHw2jO1RSTU/aoKjsVsBQF56m3SYA3IEsIZmb6anvoUBlPRMgXtKWtj/Pux7o/O8JNikGLLRN6LGBISzHRlabw==",
      "dev": true
    }
  }
}
